
Microsoft Visual Studio Solution File, Format Version 12.00
# Visual Studio Version 17
VisualStudioVersion = 17.5.33627.172
MinimumVisualStudioVersion = 10.0.40219.1
Project("{9A19103F-16F7-4668-BE54-9A1E7A4F7556}") = "OrderingSystemAI", "OrderingSystemAI\OrderingSystemAI.csproj", "{F398B0C8-2571-4936-B1AB-6EB39C85FB97}"
EndProject
Project("{FAE04EC0-301F-11D3-BF4B-00C04F79EFBC}") = "OrderingSystemAI.Repo", "OrderingSystemAI.Repo\OrderingSystemAI.Repo.csproj", "{B9532D8A-0D7D-4341-9D29-7FE4D29E9BD7}"
EndProject
Global
	GlobalSection(SolutionConfigurationPlatforms) = preSolution
		Debug|Any CPU = Debug|Any CPU
		Release|Any CPU = Release|Any CPU
	EndGlobalSection
	GlobalSection(ProjectConfigurationPlatforms) = postSolution
		{F398B0C8-2571-4936-B1AB-6EB39C85FB97}.Debug|Any CPU.ActiveCfg = Debug|Any CPU
		{F398B0C8-2571-4936-B1AB-6EB39C85FB97}.Debug|Any CPU.Build.0 = Debug|Any CPU
		{F398B0C8-2571-4936-B1AB-6EB39C85FB97}.Release|Any CPU.ActiveCfg = Release|Any CPU
		{F398B0C8-2571-4936-B1AB-6EB39C85FB97}.Release|Any CPU.Build.0 = Release|Any CPU
		{B9532D8A-0D7D-4341-9D29-7FE4D29E9BD7}.Debug|Any CPU.ActiveCfg = Debug|Any CPU
		{B9532D8A-0D7D-4341-9D29-7FE4D29E9BD7}.Debug|Any CPU.Build.0 = Debug|Any CPU
		{B9532D8A-0D7D-4341-9D29-7FE4D29E9BD7}.Release|Any CPU.ActiveCfg = Release|Any CPU
		{B9532D8A-0D7D-4341-9D29-7FE4D29E9BD7}.Release|Any CPU.Build.0 = Release|Any CPU
	EndGlobalSection
	GlobalSection(SolutionProperties) = preSolution
		HideSolutionNode = FALSE
	EndGlobalSection
	GlobalSection(ExtensibilityGlobals) = postSolution
		SolutionGuid = {F2F384E8-5B18-44F4-BE7D-B5B36A878A09}
	EndGlobalSection
EndGlobal
